
Microsoft Visual Studio Solution File, Format Version 12.00
# Visual Studio Version 17
VisualStudioVersion = 17.0.32112.339
MinimumVisualStudioVersion = 10.0.40219.1
Project("{FAE04EC0-301F-11D3-BF4B-00C04F79EFBC}") = "ProyekUTS", "ProyekUTS\ProyekUTS.csproj", "{C6CA615C-4B88-4569-90DE-E71036586515}"
	ProjectSection(ProjectDependencies) = postProject
		{B40ED491-1964-404B-B1EE-81C6BDF3892F} = {B40ED491-1964-404B-B1EE-81C6BDF3892F}
	EndProjectSection
EndProject
Project("{9A19103F-16F7-4668-BE54-9A1E7A4F7556}") = "Common", "C:\Users\ROG\Downloads\Common\Common.csproj", "{B40ED491-1964-404B-B1EE-81C6BDF3892F}"
EndProject
Global
	GlobalSection(SolutionConfigurationPlatforms) = preSolution
		Debug|Any CPU = Debug|Any CPU
		Release|Any CPU = Release|Any CPU
	EndGlobalSection
	GlobalSection(ProjectConfigurationPlatforms) = postSolution
		{C6CA615C-4B88-4569-90DE-E71036586515}.Debug|Any CPU.ActiveCfg = Debug|Any CPU
		{C6CA615C-4B88-4569-90DE-E71036586515}.Debug|Any CPU.Build.0 = Debug|Any CPU
		{C6CA615C-4B88-4569-90DE-E71036586515}.Release|Any CPU.ActiveCfg = Release|Any CPU
		{C6CA615C-4B88-4569-90DE-E71036586515}.Release|Any CPU.Build.0 = Release|Any CPU
		{B40ED491-1964-404B-B1EE-81C6BDF3892F}.Debug|Any CPU.ActiveCfg = Debug|Any CPU
		{B40ED491-1964-404B-B1EE-81C6BDF3892F}.Debug|Any CPU.Build.0 = Debug|Any CPU
		{B40ED491-1964-404B-B1EE-81C6BDF3892F}.Release|Any CPU.ActiveCfg = Release|Any CPU
		{B40ED491-1964-404B-B1EE-81C6BDF3892F}.Release|Any CPU.Build.0 = Release|Any CPU
	EndGlobalSection
	GlobalSection(SolutionProperties) = preSolution
		HideSolutionNode = FALSE
	EndGlobalSection
	GlobalSection(ExtensibilityGlobals) = postSolution
		SolutionGuid = {5ED4CE2F-53BD-47E8-8E61-A6219D79E9D9}
	EndGlobalSection
EndGlobal
